
Microsoft Visual Studio Solution File, Format Version 12.00
# Visual Studio Version 17
VisualStudioVersion = 17.9.34728.123
MinimumVisualStudioVersion = 10.0.40219.1
Project("{FAE04EC0-301F-11D3-BF4B-00C04F79EFBC}") = "EclipseTasks.API", "EclipseTasks.API\EclipseTasks.API.csproj", "{F715D361-A684-481F-9B5A-728A4A10B1B5}"
EndProject
Global
	GlobalSection(SolutionConfigurationPlatforms) = preSolution
		Debug|Any CPU = Debug|Any CPU
		Release|Any CPU = Release|Any CPU
	EndGlobalSection
	GlobalSection(ProjectConfigurationPlatforms) = postSolution
		{F715D361-A684-481F-9B5A-728A4A10B1B5}.Debug|Any CPU.ActiveCfg = Debug|Any CPU
		{F715D361-A684-481F-9B5A-728A4A10B1B5}.Debug|Any CPU.Build.0 = Debug|Any CPU
		{F715D361-A684-481F-9B5A-728A4A10B1B5}.Release|Any CPU.ActiveCfg = Release|Any CPU
		{F715D361-A684-481F-9B5A-728A4A10B1B5}.Release|Any CPU.Build.0 = Release|Any CPU
	EndGlobalSection
	GlobalSection(SolutionProperties) = preSolution
		HideSolutionNode = FALSE
	EndGlobalSection
	GlobalSection(ExtensibilityGlobals) = postSolution
		SolutionGuid = {B99279DF-8338-4A81-9F5B-322A7FE58299}
	EndGlobalSection
EndGlobal
